// !$*UTF8*$!
{
	archiveVersion = 1;
	classes = {
	};
	objectVersion = 46;
	objects = {

/* Begin PBXBuildFile section */
		FAEAE4FE1CF21E1500A17120 /* AppDelegate.swift in Sources */ = {isa = PBXBuildFile; fileRef = FAEAE4FD1CF21E1500A17120 /* AppDelegate.swift */; };
		FAEAE5001CF21E1500A17120 /* ViewController.swift in Sources */ = {isa = PBXBuildFile; fileRef = FAEAE4FF1CF21E1500A17120 /* ViewController.swift */; };
		FAEAE5031CF21E1500A17120 /* Main.storyboard in Resources */ = {isa = PBXBuildFile; fileRef = FAEAE5011CF21E1500A17120 /* Main.storyboard */; };
		FAEAE5051CF21E1500A17120 /* Assets.xcassets in Resources */ = {isa = PBXBuildFile; fileRef = FAEAE5041CF21E1500A17120 /* Assets.xcassets */; };
		FAEAE5081CF21E1600A17120 /* LaunchScreen.storyboard in Resources */ = {isa = PBXBuildFile; fileRef = FAEAE5061CF21E1600A17120 /* LaunchScreen.storyboard */; };
		FAEAE5131CF21E1600A17120 /* GoSalsaTests.swift in Sources */ = {isa = PBXBuildFile; fileRef = FAEAE5121CF21E1600A17120 /* GoSalsaTests.swift */; };
/* End PBXBuildFile section */

/* Begin PBXContainerItemProxy section */
		FAEAE50F1CF21E1600A17120 /* PBXContainerItemProxy */ = {
			isa = PBXContainerItemProxy;
			containerPortal = FAEAE4F21CF21E1500A17120 /* Project object */;
			proxyType = 1;
			remoteGlobalIDString = FAEAE4F91CF21E1500A17120;
			remoteInfo = GoSalsa;
		};
/* End PBXContainerItemProxy section */

/* Begin PBXFileReference section */
		FAEAE4FA1CF21E1500A17120 /* GoSalsa.app */ = {isa = PBXFileReference; explicitFileType = wrapper.application; includeInIndex = 0; path = GoSalsa.app; sourceTree = BUILT_PRODUCTS_DIR; };
		FAEAE4FD1CF21E1500A17120 /* AppDelegate.swift */ = {isa = PBXFileReference; lastKnownFileType = sourcecode.swift; path = AppDelegate.swift; sourceTree = "<group>"; };
		FAEAE4FF1CF21E1500A17120 /* ViewController.swift */ = {isa = PBXFileReference; lastKnownFileType = sourcecode.swift; path = ViewController.swift; sourceTree = "<group>"; };
		FAEAE5021CF21E1500A17120 /* Base */ = {isa = PBXFileReference; lastKnownFileType = file.storyboard; name = Base; path = Base.lproj/Main.storyboard; sourceTree = "<group>"; };
		FAEAE5041CF21E1500A17120 /* Assets.xcassets */ = {isa = PBXFileReference; lastKnownFileType = folder.assetcatalog; path = Assets.xcassets; sourceTree = "<group>"; };
		FAEAE5071CF21E1600A17120 /* Base */ = {isa = PBXFileReference; lastKnownFileType = file.storyboard; name = Base; path = Base.lproj/LaunchScreen.storyboard; sourceTree = "<group>"; };
		FAEAE5091CF21E1600A17120 /* Info.plist */ = {isa = PBXFileReference; lastKnownFileType = text.plist.xml; path = Info.plist; sourceTree = "<group>"; };
		FAEAE50E1CF21E1600A17120 /* GoSalsaTests.xctest */ = {isa = PBXFileReference; explicitFileType = wrapper.cfbundle; includeInIndex = 0; path = GoSalsaTests.xctest; sourceTree = BUILT_PRODUCTS_DIR; };
		FAEAE5121CF21E1600A17120 /* GoSalsaTests.swift */ = {isa = PBXFileReference; lastKnownFileType = sourcecode.swift; path = GoSalsaTests.swift; sourceTree = "<group>"; };
		FAEAE5141CF21E1600A17120 /* Info.plist */ = {isa = PBXFileReference; lastKnownFileType = text.plist.xml; path = Info.plist; sourceTree = "<group>"; };
/* End PBXFileReference section */

/* Begin PBXFrameworksBuildPhase section */
		FAEAE4F71CF21E1500A17120 /* Frameworks */ = {
			isa = PBXFrameworksBuildPhase;
			buildActionMask = 2147483647;
			files = (
			);
			runOnlyForDeploymentPostprocessing = 0;
		};
		FAEAE50B1CF21E1600A17120 /* Frameworks */ = {
			isa = PBXFrameworksBuildPhase;
			buildActionMask = 2147483647;
			files = (
			);
			runOnlyForDeploymentPostprocessing = 0;
		};
/* End PBXFrameworksBuildPhase section */

/* Begin PBXGroup section */
		FAEAE4F11CF21E1500A17120 = {
			isa = PBXGroup;
			children = (
				FAEAE4FC1CF21E1500A17120 /* GoSalsa */,
				FAEAE5111CF21E1600A17120 /* GoSalsaTests */,
				FAEAE4FB1CF21E1500A17120 /* Products */,
			);
			sourceTree = "<group>";
		};
		FAEAE4FB1CF21E1500A17120 /* Products */ = {
			isa = PBXGroup;
			children = (
				FAEAE4FA1CF21E1500A17120 /* GoSalsa.app */,
				FAEAE50E1CF21E1600A17120 /* GoSalsaTests.xctest */,
			);
			name = Products;
			sourceTree = "<group>";
		};
		FAEAE4FC1CF21E1500A17120 /* GoSalsa */ = {
			isa = PBXGroup;
			children = (
				FAEAE4FD1CF21E1500A17120 /* AppDelegate.swift */,
				FAEAE4FF1CF21E1500A17120 /* ViewController.swift */,
				FAEAE5011CF21E1500A17120 /* Main.storyboard */,
				FAEAE5041CF21E1500A17120 /* Assets.xcassets */,
				FAEAE5061CF21E1600A17120 /* LaunchScreen.storyboard */,
				FAEAE5091CF21E1600A17120 /* Info.plist */,
			);
			path = GoSalsa;
			sourceTree = "<group>";
		};
		FAEAE5111CF21E1600A17120 /* GoSalsaTests */ = {
			isa = PBXGroup;
			children = (
				FAEAE5121CF21E1600A17120 /* GoSalsaTests.swift */,
				FAEAE5141CF21E1600A17120 /* Info.plist */,
			);
			path = GoSalsaTests;
			sourceTree = "<group>";
		};
/* End PBXGroup section */

/* Begin PBXNativeTarget section */
		FAEAE4F91CF21E1500A17120 /* GoSalsa */ = {
			isa = PBXNativeTarget;
			buildConfigurationList = FAEAE5171CF21E1600A17120 /* Build configuration list for PBXNativeTarget "GoSalsa" */;
			buildPhases = (
				FAEAE4F61CF21E1500A17120 /* Sources */,
				FAEAE4F71CF21E1500A17120 /* Frameworks */,
				FAEAE4F81CF21E1500A17120 /* Resources */,
			);
			buildRules = (
			);
			dependencies = (
			);
			name = GoSalsa;
			productName = GoSalsa;
			productReference = FAEAE4FA1CF21E1500A17120 /* GoSalsa.app */;
			productType = "com.apple.product-type.application";
		};
		FAEAE50D1CF21E1600A17120 /* GoSalsaTests */ = {
			isa = PBXNativeTarget;
			buildConfigurationList = FAEAE51A1CF21E1600A17120 /* Build configuration list for PBXNativeTarget "GoSalsaTests" */;
			buildPhases = (
				FAEAE50A1CF21E1600A17120 /* Sources */,
				FAEAE50B1CF21E1600A17120 /* Frameworks */,
				FAEAE50C1CF21E1600A17120 /* Resources */,
			);
			buildRules = (
			);
			dependencies = (
				FAEAE5101CF21E1600A17120 /* PBXTargetDependency */,
			);
			name = GoSalsaTests;
			productName = GoSalsaTests;
			productReference = FAEAE50E1CF21E1600A17120 /* GoSalsaTests.xctest */;
			productType = "com.apple.product-type.bundle.unit-test";
		};
/* End PBXNativeTarget section */

/* Begin PBXProject section */
		FAEAE4F21CF21E1500A17120 /* Project object */ = {
			isa = PBXProject;
			attributes = {
				LastSwiftUpdateCheck = 0730;
				LastUpgradeCheck = 0730;
				ORGANIZATIONNAME = "Stefania Papaconstantinou";
				TargetAttributes = {
					FAEAE4F91CF21E1500A17120 = {
						CreatedOnToolsVersion = 7.3.1;
					};
					FAEAE50D1CF21E1600A17120 = {
						CreatedOnToolsVersion = 7.3.1;
						TestTargetID = FAEAE4F91CF21E1500A17120;
					};
				};
			};
			buildConfigurationList = FAEAE4F51CF21E1500A17120 /* Build configuration list for PBXProject "GoSalsa" */;
			compatibilityVersion = "Xcode 3.2";
			developmentRegion = English;
			hasScannedForEncodings = 0;
			knownRegions = (
				en,
				Base,
			);
			mainGroup = FAEAE4F11CF21E1500A17120;
			productRefGroup = FAEAE4FB1CF21E1500A17120 /* Products */;
			projectDirPath = "";
			projectRoot = "";
			targets = (
				FAEAE4F91CF21E1500A17120 /* GoSalsa */,
				FAEAE50D1CF21E1600A17120 /* GoSalsaTests */,
			);
		};
/* End PBXProject section */

/* Begin PBXResourcesBuildPhase section */
		FAEAE4F81CF21E1500A17120 /* Resources */ = {
			isa = PBXResourcesBuildPhase;
			buildActionMask = 2147483647;
			files = (
				FAEAE5081CF21E1600A17120 /* LaunchScreen.storyboard in Resources */,
				FAEAE5051CF21E1500A17120 /* Assets.xcassets in Resources */,
				FAEAE5031CF21E1500A17120 /* Main.storyboard in Resources */,
			);
			runOnlyForDeploymentPostprocessing = 0;
		};
		FAEAE50C1CF21E1600A17120 /* Resources */ = {
			isa = PBXResourcesBuildPhase;
			buildActionMask = 2147483647;
			files = (
			);
			runOnlyForDeploymentPostprocessing = 0;
		};
/* End PBXResourcesBuildPhase section */

/* Begin PBXSourcesBuildPhase section */
		FAEAE4F61CF21E1500A17120 /* Sources */ = {
			isa = PBXSourcesBuildPhase;
			buildActionMask = 2147483647;
			files = (
				FAEAE5001CF21E1500A17120 /* ViewController.swift in Sources */,
				FAEAE4FE1CF21E1500A17120 /* AppDelegate.swift in Sources */,
			);
			runOnlyForDeploymentPostprocessing = 0;
		};
		FAEAE50A1CF21E1600A17120 /* Sources */ = {
			isa = PBXSourcesBuildPhase;
			buildActionMask = 2147483647;
			files = (
				FAEAE5131CF21E1600A17120 /* GoSalsaTests.swift in Sources */,
			);
			runOnlyForDeploymentPostprocessing = 0;
		};
/* End PBXSourcesBuildPhase section */

/* Begin PBXTargetDependency section */
		FAEAE5101CF21E1600A17120 /* PBXTargetDependency */ = {
			isa = PBXTargetDependency;
			target = FAEAE4F91CF21E1500A17120 /* GoSalsa */;
			targetProxy = FAEAE50F1CF21E1600A17120 /* PBXContainerItemProxy */;
		};
/* End PBXTargetDependency section */

/* Begin PBXVariantGroup section */
		FAEAE5011CF21E1500A17120 /* Main.storyboard */ = {
			isa = PBXVariantGroup;
			children = (
				FAEAE5021CF21E1500A17120 /* Base */,
			);
			name = Main.storyboard;
			sourceTree = "<group>";
		};
		FAEAE5061CF21E1600A17120 /* LaunchScreen.storyboard */ = {
			isa = PBXVariantGroup;
			children = (
				FAEAE5071CF21E1600A17120 /* Base */,
			);
			name = LaunchScreen.storyboard;
			sourceTree = "<group>";
		};
/* End PBXVariantGroup section */

/* Begin XCBuildConfiguration section */
		FAEAE5151CF21E1600A17120 /* Debug */ = {
			isa = XCBuildConfiguration;
			buildSettings = {
				ALWAYS_SEARCH_USER_PATHS = NO;
				CLANG_ANALYZER_NONNULL = YES;
				CLANG_CXX_LANGUAGE_STANDARD = "gnu++0x";
				CLANG_CXX_LIBRARY = "libc++";
				CLANG_ENABLE_MODULES = YES;
				CLANG_ENABLE_OBJC_ARC = YES;
				CLANG_WARN_BOOL_CONVERSION = YES;
				CLANG_WARN_CONSTANT_CONVERSION = YES;
				CLANG_WARN_DIRECT_OBJC_ISA_USAGE = YES_ERROR;
				CLANG_WARN_EMPTY_BODY = YES;
				CLANG_WARN_ENUM_CONVERSION = YES;
				CLANG_WARN_INT_CONVERSION = YES;
				CLANG_WARN_OBJC_ROOT_CLASS = YES_ERROR;
				CLANG_WARN_UNREACHABLE_CODE = YES;
				CLANG_WARN__DUPLICATE_METHOD_MATCH = YES;
				"CODE_SIGN_IDENTITY[sdk=iphoneos*]" = "iPhone Developer";
				COPY_PHASE_STRIP = NO;
				DEBUG_INFORMATION_FORMAT = dwarf;
				ENABLE_STRICT_OBJC_MSGSEND = YES;
				ENABLE_TESTABILITY = YES;
				GCC_C_LANGUAGE_STANDARD = gnu99;
				GCC_DYNAMIC_NO_PIC = NO;
				GCC_NO_COMMON_BLOCKS = YES;
				GCC_OPTIMIZATION_LEVEL = 0;
				GCC_PREPROCESSOR_DEFINITIONS = (
					"DEBUG=1",
					"$(inherited)",
				);
				GCC_WARN_64_TO_32_BIT_CONVERSION = YES;
				GCC_WARN_ABOUT_RETURN_TYPE = YES_ERROR;
				GCC_WARN_UNDECLARED_SELECTOR = YES;
				GCC_WARN_UNINITIALIZED_AUTOS = YES_AGGRESSIVE;
				GCC_WARN_UNUSED_FUNCTION = YES;
				GCC_WARN_UNUSED_VARIABLE = YES;
				IPHONEOS_DEPLOYMENT_TARGET = 9.3;
				MTL_ENABLE_DEBUG_INFO = YES;
				ONLY_ACTIVE_ARCH = YES;
				SDKROOT = iphoneos;
				SWIFT_OPTIMIZATION_LEVEL = "-Onone";
			};
			name = Debug;
		};
		FAEAE5161CF21E1600A17120 /* Release */ = {
			isa = XCBuildConfiguration;
			buildSettings = {
				ALWAYS_SEARCH_USER_PATHS = NO;
				CLANG_ANALYZER_NONNULL = YES;
				CLANG_CXX_LANGUAGE_STANDARD = "gnu++0x";
				CLANG_CXX_LIBRARY = "libc++";
				CLANG_ENABLE_MODULES = YES;
				CLANG_ENABLE_OBJC_ARC = YES;
				CLANG_WARN_BOOL_CONVERSION = YES;
				CLANG_WARN_CONSTANT_CONVERSION = YES;
				CLANG_WARN_DIRECT_OBJC_ISA_USAGE = YES_ERROR;
				CLANG_WARN_EMPTY_BODY = YES;
				CLANG_WARN_ENUM_CONVERSION = YES;
				CLANG_WARN_INT_CONVERSION = YES;
				CLANG_WARN_OBJC_ROOT_CLASS = YES_ERROR;
				CLANG_WARN_UNREACHABLE_CODE = YES;
				CLANG_WARN__DUPLICATE_METHOD_MATCH = YES;
				"CODE_SIGN_IDENTITY[sdk=iphoneos*]" = "iPhone Developer";
				COPY_PHASE_STRIP = NO;
				DEBUG_INFORMATION_FORMAT = "dwarf-with-dsym";
				ENABLE_NS_ASSERTIONS = NO;
				ENABLE_STRICT_OBJC_MSGSEND = YES;
				GCC_C_LANGUAGE_STANDARD = gnu99;
				GCC_NO_COMMON_BLOCKS = YES;
				GCC_WARN_64_TO_32_BIT_CONVERSION = YES;
				GCC_WARN_ABOUT_RETURN_TYPE = YES_ERROR;
				GCC_WARN_UNDECLARED_SELECTOR = YES;
				GCC_WARN_UNINITIALIZED_AUTOS = YES_AGGRESSIVE;
				GCC_WARN_UNUSED_FUNCTION = YES;
				GCC_WARN_UNUSED_VARIABLE = YES;
				IPHONEOS_DEPLOYMENT_TARGET = 9.3;
				MTL_ENABLE_DEBUG_INFO = NO;
				SDKROOT = iphoneos;
				VALIDATE_PRODUCT = YES;
			};
			name = Release;
		};
		FAEAE5181CF21E1600A17120 /* Debug */ = {
			isa = XCBuildConfiguration;
			buildSettings = {
				ASSETCATALOG_COMPILER_APPICON_NAME = AppIcon;
				INFOPLIST_FILE = GoSalsa/Info.plist;
				LD_RUNPATH_SEARCH_PATHS = "$(inherited) @executable_path/Frameworks";
				PRODUCT_BUNDLE_IDENTIFIER = com.stefp.GoSalsa;
				PRODUCT_NAME = "$(TARGET_NAME)";
			};
			name = Debug;
		};
		FAEAE5191CF21E1600A17120 /* Release */ = {
			isa = XCBuildConfiguration;
			buildSettings = {
				ASSETCATALOG_COMPILER_APPICON_NAME = AppIcon;
				INFOPLIST_FILE = GoSalsa/Info.plist;
				LD_RUNPATH_SEARCH_PATHS = "$(inherited) @executable_path/Frameworks";
				PRODUCT_BUNDLE_IDENTIFIER = com.stefp.GoSalsa;
				PRODUCT_NAME = "$(TARGET_NAME)";
			};
			name = Release;
		};
		FAEAE51B1CF21E1600A17120 /* Debug */ = {
			isa = XCBuildConfiguration;
			buildSettings = {
				BUNDLE_LOADER = "$(TEST_HOST)";
				INFOPLIST_FILE = GoSalsaTests/Info.plist;
				LD_RUNPATH_SEARCH_PATHS = "$(inherited) @executable_path/Frameworks @loader_path/Frameworks";
				PRODUCT_BUNDLE_IDENTIFIER = com.stefp.GoSalsaTests;
				PRODUCT_NAME = "$(TARGET_NAME)";
				TEST_HOST = "$(BUILT_PRODUCTS_DIR)/GoSalsa.app/GoSalsa";
			};
			name = Debug;
		};
		FAEAE51C1CF21E1600A17120 /* Release */ = {
			isa = XCBuildConfiguration;
			buildSettings = {
				BUNDLE_LOADER = "$(TEST_HOST)";
				INFOPLIST_FILE = GoSalsaTests/Info.plist;
				LD_RUNPATH_SEARCH_PATHS = "$(inherited) @executable_path/Frameworks @loader_path/Frameworks";
				PRODUCT_BUNDLE_IDENTIFIER = com.stefp.GoSalsaTests;
				PRODUCT_NAME = "$(TARGET_NAME)";
				TEST_HOST = "$(BUILT_PRODUCTS_DIR)/GoSalsa.app/GoSalsa";
			};
			name = Release;
		};
/* End XCBuildConfiguration section */

/* Begin XCConfigurationList section */
		FAEAE4F51CF21E1500A17120 /* Build configuration list for PBXProject "GoSalsa" */ = {
			isa = XCConfigurationList;
			buildConfigurations = (
				FAEAE5151CF21E1600A17120 /* Debug */,
				FAEAE5161CF21E1600A17120 /* Release */,
			);
			defaultConfigurationIsVisible = 0;
			defaultConfigurationName = Release;
		};
		FAEAE5171CF21E1600A17120 /* Build configuration list for PBXNativeTarget "GoSalsa" */ = {
			isa = XCConfigurationList;
			buildConfigurations = (
				FAEAE5181CF21E1600A17120 /* Debug */,
				FAEAE5191CF21E1600A17120 /* Release */,
			);
			defaultConfigurationIsVisible = 0;
		};
		FAEAE51A1CF21E1600A17120 /* Build configuration list for PBXNativeTarget "GoSalsaTests" */ = {
			isa = XCConfigurationList;
			buildConfigurations = (
				FAEAE51B1CF21E1600A17120 /* Debug */,
				FAEAE51C1CF21E1600A17120 /* Release */,
			);
			defaultConfigurationIsVisible = 0;
		};
/* End XCConfigurationList section */
	};
	rootObject = FAEAE4F21CF21E1500A17120 /* Project object */;
}
